// !$*UTF8*$!
{
	archiveVersion = 1;
	classes = {
	};
	objectVersion = 56;
	objects = {

/* Begin PBXBuildFile section */
		CA21052C28D70A9D00DD2573 /* GoogleService-Info.plist in Resources */ = {isa = PBXBuildFile; fileRef = CA21052B28D70A9D00DD2573 /* GoogleService-Info.plist */; };
		CA21052F28D70D7700DD2573 /* FirebaseAnalytics in Frameworks */ = {isa = PBXBuildFile; productRef = CA21052E28D70D7700DD2573 /* FirebaseAnalytics */; };
		CA21053128D70D7700DD2573 /* FirebaseAnalyticsSwift in Frameworks */ = {isa = PBXBuildFile; productRef = CA21053028D70D7700DD2573 /* FirebaseAnalyticsSwift */; };
		CA21053828D7240400DD2573 /* Tango.swift in Sources */ = {isa = PBXBuildFile; fileRef = CA21053728D7240400DD2573 /* Tango.swift */; };
		CA21053B28D727F700DD2573 /* FirebaseFirestore in Frameworks */ = {isa = PBXBuildFile; productRef = CA21053A28D727F700DD2573 /* FirebaseFirestore */; };
		CA21053D28D855B300DD2573 /* SwipeTangoView.swift in Sources */ = {isa = PBXBuildFile; fileRef = CA21053C28D855B300DD2573 /* SwipeTangoView.swift */; };
		CA21053F28D891F300DD2573 /* ReviewScreen.swift in Sources */ = {isa = PBXBuildFile; fileRef = CA21053E28D891F300DD2573 /* ReviewScreen.swift */; };
		CA21054128D8923600DD2573 /* HomeScreen.swift in Sources */ = {isa = PBXBuildFile; fileRef = CA21054028D8923600DD2573 /* HomeScreen.swift */; };
		CA21054328D8928300DD2573 /* AccountScreen.swift in Sources */ = {isa = PBXBuildFile; fileRef = CA21054228D8928300DD2573 /* AccountScreen.swift */; };
		CA21054C28DDCA7100DD2573 /* SignInScreen.swift in Sources */ = {isa = PBXBuildFile; fileRef = CA21054B28DDCA7100DD2573 /* SignInScreen.swift */; };
		CA21054E28DDE54900DD2573 /* FirebaseAuth in Frameworks */ = {isa = PBXBuildFile; productRef = CA21054D28DDE54900DD2573 /* FirebaseAuth */; };
		CA21055228DDE9C900DD2573 /* SignInViewModel.swift in Sources */ = {isa = PBXBuildFile; fileRef = CA21055128DDE9C900DD2573 /* SignInViewModel.swift */; };
		CA21055928DE9FAF00DD2573 /* FontModifier.swift in Sources */ = {isa = PBXBuildFile; fileRef = CA21055828DE9FAF00DD2573 /* FontModifier.swift */; };
		CA21055C28DED05E00DD2573 /* TangoScreen.swift in Sources */ = {isa = PBXBuildFile; fileRef = CA21055B28DED05E00DD2573 /* TangoScreen.swift */; };
		CA21056028DED63600DD2573 /* RegisterTangoView.swift in Sources */ = {isa = PBXBuildFile; fileRef = CA21055F28DED63600DD2573 /* RegisterTangoView.swift */; };
		CA21056228DED68900DD2573 /* RegisterSentenceView.swift in Sources */ = {isa = PBXBuildFile; fileRef = CA21056128DED68900DD2573 /* RegisterSentenceView.swift */; };
		CA21056528DEE50E00DD2573 /* RegisterViewModel.swift in Sources */ = {isa = PBXBuildFile; fileRef = CA21056428DEE50E00DD2573 /* RegisterViewModel.swift */; };
		CA21056728DF0BD200DD2573 /* SelectReferenceTypeView.swift in Sources */ = {isa = PBXBuildFile; fileRef = CA21056628DF0BD200DD2573 /* SelectReferenceTypeView.swift */; };
		CA21056B28DF157100DD2573 /* ButtonModifier.swift in Sources */ = {isa = PBXBuildFile; fileRef = CA21056A28DF157100DD2573 /* ButtonModifier.swift */; };
		CA21057128DF184600DD2573 /* IconExtension.swift in Sources */ = {isa = PBXBuildFile; fileRef = CA21057028DF184600DD2573 /* IconExtension.swift */; };
		CA21057328DF1C1700DD2573 /* RegisterReferenceView.swift in Sources */ = {isa = PBXBuildFile; fileRef = CA21057228DF1C1700DD2573 /* RegisterReferenceView.swift */; };
		CA21057528DF1C2D00DD2573 /* SelectReferenceView.swift in Sources */ = {isa = PBXBuildFile; fileRef = CA21057428DF1C2D00DD2573 /* SelectReferenceView.swift */; };
		CA21057728DF218400DD2573 /* RegisterReferenceViewModel.swift in Sources */ = {isa = PBXBuildFile; fileRef = CA21057628DF218400DD2573 /* RegisterReferenceViewModel.swift */; };
		CA21057928E00F8500DD2573 /* FirebaseStorage in Frameworks */ = {isa = PBXBuildFile; productRef = CA21057828E00F8500DD2573 /* FirebaseStorage */; };
		CA21058028E0275D00DD2573 /* ReferenceImagePicker.swift in Sources */ = {isa = PBXBuildFile; fileRef = CA21057F28E0275D00DD2573 /* ReferenceImagePicker.swift */; };
		CA21058228E03C9F00DD2573 /* CoverImageExtension.swift in Sources */ = {isa = PBXBuildFile; fileRef = CA21058128E03C9F00DD2573 /* CoverImageExtension.swift */; };
		CA21058428E050CC00DD2573 /* Reference.swift in Sources */ = {isa = PBXBuildFile; fileRef = CA21058328E050CC00DD2573 /* Reference.swift */; };
		CA21058628E07F9900DD2573 /* RegisterTangoConfirmView.swift in Sources */ = {isa = PBXBuildFile; fileRef = CA21058528E07F9900DD2573 /* RegisterTangoConfirmView.swift */; };
		CA21058828E0964100DD2573 /* ReferenceViewModel.swift in Sources */ = {isa = PBXBuildFile; fileRef = CA21058728E0964100DD2573 /* ReferenceViewModel.swift */; };
		CA21058D28E19C6400DD2573 /* TangoRepository.swift in Sources */ = {isa = PBXBuildFile; fileRef = CA21058C28E19C6400DD2573 /* TangoRepository.swift */; };
		CA21058F28E1A39400DD2573 /* ReferenceRepository.swift in Sources */ = {isa = PBXBuildFile; fileRef = CA21058E28E1A39400DD2573 /* ReferenceRepository.swift */; };
		CA21059228E33CD900DD2573 /* ImageConstants.swift in Sources */ = {isa = PBXBuildFile; fileRef = CA21059128E33CD900DD2573 /* ImageConstants.swift */; };
		CA670CE728D5A14E00D848EB /* TangoApp.swift in Sources */ = {isa = PBXBuildFile; fileRef = CA670CE628D5A14E00D848EB /* TangoApp.swift */; };
		CA670CE928D5A14E00D848EB /* ContentView.swift in Sources */ = {isa = PBXBuildFile; fileRef = CA670CE828D5A14E00D848EB /* ContentView.swift */; };
		CA670CEB28D5A14F00D848EB /* Assets.xcassets in Resources */ = {isa = PBXBuildFile; fileRef = CA670CEA28D5A14F00D848EB /* Assets.xcassets */; };
		CA670CEE28D5A14F00D848EB /* Preview Assets.xcassets in Resources */ = {isa = PBXBuildFile; fileRef = CA670CED28D5A14F00D848EB /* Preview Assets.xcassets */; };
		CA670CFB28D5A6CE00D848EB /* Common.swift in Sources */ = {isa = PBXBuildFile; fileRef = CA670CFA28D5A6CE00D848EB /* Common.swift */; };
		CA670CFF28D5ADBC00D848EB /* Color.swift in Sources */ = {isa = PBXBuildFile; fileRef = CA670CFE28D5ADBC00D848EB /* Color.swift */; };
		CA670D0E28D5D28A00D848EB /* ViewModifier.swift in Sources */ = {isa = PBXBuildFile; fileRef = CA670D0D28D5D28A00D848EB /* ViewModifier.swift */; };
		CA99534328E7D7BD00C3B55B /* ConfirmRegisterView.swift in Sources */ = {isa = PBXBuildFile; fileRef = CA99534228E7D7BD00C3B55B /* ConfirmRegisterView.swift */; };
		CA99534C28E946F300C3B55B /* ReviewViewModel.swift in Sources */ = {isa = PBXBuildFile; fileRef = CA99534B28E946F200C3B55B /* ReviewViewModel.swift */; };
		CA99535128E949CF00C3B55B /* HomeContentsView.swift in Sources */ = {isa = PBXBuildFile; fileRef = CA99535028E949CF00C3B55B /* HomeContentsView.swift */; };
		CA99535328E94A3A00C3B55B /* HomeActivityView.swift in Sources */ = {isa = PBXBuildFile; fileRef = CA99535228E94A3A00C3B55B /* HomeActivityView.swift */; };
		CA99535528E94C0600C3B55B /* HomeActivityViewModel.swift in Sources */ = {isa = PBXBuildFile; fileRef = CA99535428E94C0600C3B55B /* HomeActivityViewModel.swift */; };
		CA99535728E96DBE00C3B55B /* ActivityRepository.swift in Sources */ = {isa = PBXBuildFile; fileRef = CA99535628E96DBE00C3B55B /* ActivityRepository.swift */; };
		CA99535A28E99BA100C3B55B /* TypeConversionFunction.swift in Sources */ = {isa = PBXBuildFile; fileRef = CA99535928E99BA100C3B55B /* TypeConversionFunction.swift */; };
/* End PBXBuildFile section */

/* Begin PBXFileReference section */
		CA21052B28D70A9D00DD2573 /* GoogleService-Info.plist */ = {isa = PBXFileReference; fileEncoding = 4; lastKnownFileType = text.plist.xml; path = "GoogleService-Info.plist"; sourceTree = "<group>"; };
		CA21053728D7240400DD2573 /* Tango.swift */ = {isa = PBXFileReference; lastKnownFileType = sourcecode.swift; path = Tango.swift; sourceTree = "<group>"; };
		CA21053C28D855B300DD2573 /* SwipeTangoView.swift */ = {isa = PBXFileReference; lastKnownFileType = sourcecode.swift; path = SwipeTangoView.swift; sourceTree = "<group>"; };
		CA21053E28D891F300DD2573 /* ReviewScreen.swift */ = {isa = PBXFileReference; lastKnownFileType = sourcecode.swift; path = ReviewScreen.swift; sourceTree = "<group>"; };
		CA21054028D8923600DD2573 /* HomeScreen.swift */ = {isa = PBXFileReference; lastKnownFileType = sourcecode.swift; path = HomeScreen.swift; sourceTree = "<group>"; };
		CA21054228D8928300DD2573 /* AccountScreen.swift */ = {isa = PBXFileReference; lastKnownFileType = sourcecode.swift; path = AccountScreen.swift; sourceTree = "<group>"; };
		CA21054B28DDCA7100DD2573 /* SignInScreen.swift */ = {isa = PBXFileReference; lastKnownFileType = sourcecode.swift; path = SignInScreen.swift; sourceTree = "<group>"; };
		CA21054F28DDE7F900DD2573 /* Tango.entitlements */ = {isa = PBXFileReference; lastKnownFileType = text.plist.entitlements; path = Tango.entitlements; sourceTree = "<group>"; };
		CA21055128DDE9C900DD2573 /* SignInViewModel.swift */ = {isa = PBXFileReference; lastKnownFileType = sourcecode.swift; path = SignInViewModel.swift; sourceTree = "<group>"; };
		CA21055828DE9FAF00DD2573 /* FontModifier.swift */ = {isa = PBXFileReference; lastKnownFileType = sourcecode.swift; path = FontModifier.swift; sourceTree = "<group>"; };
		CA21055B28DED05E00DD2573 /* TangoScreen.swift */ = {isa = PBXFileReference; lastKnownFileType = sourcecode.swift; path = TangoScreen.swift; sourceTree = "<group>"; };
		CA21055F28DED63600DD2573 /* RegisterTangoView.swift */ = {isa = PBXFileReference; lastKnownFileType = sourcecode.swift; path = RegisterTangoView.swift; sourceTree = "<group>"; };
		CA21056128DED68900DD2573 /* RegisterSentenceView.swift */ = {isa = PBXFileReference; lastKnownFileType = sourcecode.swift; path = RegisterSentenceView.swift; sourceTree = "<group>"; };
		CA21056428DEE50E00DD2573 /* RegisterViewModel.swift */ = {isa = PBXFileReference; lastKnownFileType = sourcecode.swift; path = RegisterViewModel.swift; sourceTree = "<group>"; };
		CA21056628DF0BD200DD2573 /* SelectReferenceTypeView.swift */ = {isa = PBXFileReference; lastKnownFileType = sourcecode.swift; path = SelectReferenceTypeView.swift; sourceTree = "<group>"; };
		CA21056A28DF157100DD2573 /* ButtonModifier.swift */ = {isa = PBXFileReference; lastKnownFileType = sourcecode.swift; path = ButtonModifier.swift; sourceTree = "<group>"; };
		CA21057028DF184600DD2573 /* IconExtension.swift */ = {isa = PBXFileReference; lastKnownFileType = sourcecode.swift; path = IconExtension.swift; sourceTree = "<group>"; };
		CA21057228DF1C1700DD2573 /* RegisterReferenceView.swift */ = {isa = PBXFileReference; lastKnownFileType = sourcecode.swift; path = RegisterReferenceView.swift; sourceTree = "<group>"; };
		CA21057428DF1C2D00DD2573 /* SelectReferenceView.swift */ = {isa = PBXFileReference; lastKnownFileType = sourcecode.swift; path = SelectReferenceView.swift; sourceTree = "<group>"; };
		CA21057628DF218400DD2573 /* RegisterReferenceViewModel.swift */ = {isa = PBXFileReference; lastKnownFileType = sourcecode.swift; path = RegisterReferenceViewModel.swift; sourceTree = "<group>"; };
		CA21057F28E0275D00DD2573 /* ReferenceImagePicker.swift */ = {isa = PBXFileReference; lastKnownFileType = sourcecode.swift; path = ReferenceImagePicker.swift; sourceTree = "<group>"; };
		CA21058128E03C9F00DD2573 /* CoverImageExtension.swift */ = {isa = PBXFileReference; lastKnownFileType = sourcecode.swift; path = CoverImageExtension.swift; sourceTree = "<group>"; };
		CA21058328E050CC00DD2573 /* Reference.swift */ = {isa = PBXFileReference; lastKnownFileType = sourcecode.swift; path = Reference.swift; sourceTree = "<group>"; };
		CA21058528E07F9900DD2573 /* RegisterTangoConfirmView.swift */ = {isa = PBXFileReference; lastKnownFileType = sourcecode.swift; path = RegisterTangoConfirmView.swift; sourceTree = "<group>"; };
		CA21058728E0964100DD2573 /* ReferenceViewModel.swift */ = {isa = PBXFileReference; lastKnownFileType = sourcecode.swift; path = ReferenceViewModel.swift; sourceTree = "<group>"; };
		CA21058C28E19C6400DD2573 /* TangoRepository.swift */ = {isa = PBXFileReference; lastKnownFileType = sourcecode.swift; path = TangoRepository.swift; sourceTree = "<group>"; };
		CA21058E28E1A39400DD2573 /* ReferenceRepository.swift */ = {isa = PBXFileReference; lastKnownFileType = sourcecode.swift; path = ReferenceRepository.swift; sourceTree = "<group>"; };
		CA21059128E33CD900DD2573 /* ImageConstants.swift */ = {isa = PBXFileReference; lastKnownFileType = sourcecode.swift; path = ImageConstants.swift; sourceTree = "<group>"; };
		CA670CE328D5A14E00D848EB /* Tango.app */ = {isa = PBXFileReference; explicitFileType = wrapper.application; includeInIndex = 0; path = Tango.app; sourceTree = BUILT_PRODUCTS_DIR; };
		CA670CE628D5A14E00D848EB /* TangoApp.swift */ = {isa = PBXFileReference; lastKnownFileType = sourcecode.swift; path = TangoApp.swift; sourceTree = "<group>"; };
		CA670CE828D5A14E00D848EB /* ContentView.swift */ = {isa = PBXFileReference; lastKnownFileType = sourcecode.swift; path = ContentView.swift; sourceTree = "<group>"; };
		CA670CEA28D5A14F00D848EB /* Assets.xcassets */ = {isa = PBXFileReference; lastKnownFileType = folder.assetcatalog; path = Assets.xcassets; sourceTree = "<group>"; };
		CA670CED28D5A14F00D848EB /* Preview Assets.xcassets */ = {isa = PBXFileReference; lastKnownFileType = folder.assetcatalog; path = "Preview Assets.xcassets"; sourceTree = "<group>"; };
		CA670CFA28D5A6CE00D848EB /* Common.swift */ = {isa = PBXFileReference; lastKnownFileType = sourcecode.swift; path = Common.swift; sourceTree = "<group>"; };
		CA670CFE28D5ADBC00D848EB /* Color.swift */ = {isa = PBXFileReference; lastKnownFileType = sourcecode.swift; path = Color.swift; sourceTree = "<group>"; };
		CA670D0D28D5D28A00D848EB /* ViewModifier.swift */ = {isa = PBXFileReference; lastKnownFileType = sourcecode.swift; path = ViewModifier.swift; sourceTree = "<group>"; };
		CA99534228E7D7BD00C3B55B /* ConfirmRegisterView.swift */ = {isa = PBXFileReference; lastKnownFileType = sourcecode.swift; path = ConfirmRegisterView.swift; sourceTree = "<group>"; };
		CA99534B28E946F200C3B55B /* ReviewViewModel.swift */ = {isa = PBXFileReference; lastKnownFileType = sourcecode.swift; path = ReviewViewModel.swift; sourceTree = "<group>"; };
		CA99535028E949CF00C3B55B /* HomeContentsView.swift */ = {isa = PBXFileReference; lastKnownFileType = sourcecode.swift; path = HomeContentsView.swift; sourceTree = "<group>"; };
		CA99535228E94A3A00C3B55B /* HomeActivityView.swift */ = {isa = PBXFileReference; lastKnownFileType = sourcecode.swift; path = HomeActivityView.swift; sourceTree = "<group>"; };
		CA99535428E94C0600C3B55B /* HomeActivityViewModel.swift */ = {isa = PBXFileReference; lastKnownFileType = sourcecode.swift; path = HomeActivityViewModel.swift; sourceTree = "<group>"; };
		CA99535628E96DBE00C3B55B /* ActivityRepository.swift */ = {isa = PBXFileReference; lastKnownFileType = sourcecode.swift; path = ActivityRepository.swift; sourceTree = "<group>"; };
		CA99535928E99BA100C3B55B /* TypeConversionFunction.swift */ = {isa = PBXFileReference; lastKnownFileType = sourcecode.swift; path = TypeConversionFunction.swift; sourceTree = "<group>"; };
/* End PBXFileReference section */

/* Begin PBXFrameworksBuildPhase section */
		CA670CE028D5A14E00D848EB /* Frameworks */ = {
			isa = PBXFrameworksBuildPhase;
			buildActionMask = 2147483647;
			files = (
				CA21053128D70D7700DD2573 /* FirebaseAnalyticsSwift in Frameworks */,
				CA21052F28D70D7700DD2573 /* FirebaseAnalytics in Frameworks */,
				CA21053B28D727F700DD2573 /* FirebaseFirestore in Frameworks */,
				CA21057928E00F8500DD2573 /* FirebaseStorage in Frameworks */,
				CA21054E28DDE54900DD2573 /* FirebaseAuth in Frameworks */,
			);
			runOnlyForDeploymentPostprocessing = 0;
		};
/* End PBXFrameworksBuildPhase section */

/* Begin PBXGroup section */
		CA21052828D6BA6600DD2573 /* Review */ = {
			isa = PBXGroup;
			children = (
				CA21053C28D855B300DD2573 /* SwipeTangoView.swift */,
				CA21053E28D891F300DD2573 /* ReviewScreen.swift */,
			);
			path = Review;
			sourceTree = "<group>";
		};
		CA21053428D71F1600DD2573 /* ViewModels */ = {
			isa = PBXGroup;
			children = (
				CA99534F28E9483200C3B55B /* Home */,
				CA99534E28E9474900C3B55B /* Tango */,
				CA21055028DDE81D00DD2573 /* Auth */,
				CA21058728E0964100DD2573 /* ReferenceViewModel.swift */,
			);
			path = ViewModels;
			sourceTree = "<group>";
		};
		CA21053928D727F700DD2573 /* Frameworks */ = {
			isa = PBXGroup;
			children = (
			);
			name = Frameworks;
			sourceTree = "<group>";
		};
		CA21054628DDB4BE00DD2573 /* Auth */ = {
			isa = PBXGroup;
			children = (
				CA21054B28DDCA7100DD2573 /* SignInScreen.swift */,
			);
			path = Auth;
			sourceTree = "<group>";
		};
		CA21055028DDE81D00DD2573 /* Auth */ = {
			isa = PBXGroup;
			children = (
				CA21055128DDE9C900DD2573 /* SignInViewModel.swift */,
			);
			path = Auth;
			sourceTree = "<group>";
		};
		CA21055A28DED04000DD2573 /* Tango */ = {
			isa = PBXGroup;
			children = (
				CA670D0528D5BA6E00D848EB /* Register */,
				CA21055B28DED05E00DD2573 /* TangoScreen.swift */,
			);
			path = Tango;
			sourceTree = "<group>";
		};
		CA21056328DEE4F600DD2573 /* Register */ = {
			isa = PBXGroup;
			children = (
				CA21056428DEE50E00DD2573 /* RegisterViewModel.swift */,
				CA21057628DF218400DD2573 /* RegisterReferenceViewModel.swift */,
			);
			path = Register;
			sourceTree = "<group>";
		};
		CA21056F28DF182F00DD2573 /* Extension */ = {
			isa = PBXGroup;
			children = (
				CA21057028DF184600DD2573 /* IconExtension.swift */,
				CA21058128E03C9F00DD2573 /* CoverImageExtension.swift */,
			);
			path = Extension;
			sourceTree = "<group>";
		};
		CA21058928E196FE00DD2573 /* Repository */ = {
			isa = PBXGroup;
			children = (
				CA21058C28E19C6400DD2573 /* TangoRepository.swift */,
				CA99535628E96DBE00C3B55B /* ActivityRepository.swift */,
				CA21058E28E1A39400DD2573 /* ReferenceRepository.swift */,
			);
			path = Repository;
			sourceTree = "<group>";
		};
		CA21059028E33C9A00DD2573 /* Constant */ = {
			isa = PBXGroup;
			children = (
				CA670CFA28D5A6CE00D848EB /* Common.swift */,
				CA21059128E33CD900DD2573 /* ImageConstants.swift */,
				CA670CFE28D5ADBC00D848EB /* Color.swift */,
			);
			path = Constant;
			sourceTree = "<group>";
		};
		CA670CDA28D5A14E00D848EB = {
			isa = PBXGroup;
			children = (
				CA670CE528D5A14E00D848EB /* Tango */,
				CA670CE428D5A14E00D848EB /* Products */,
				CA21053928D727F700DD2573 /* Frameworks */,
			);
			sourceTree = "<group>";
		};
		CA670CE428D5A14E00D848EB /* Products */ = {
			isa = PBXGroup;
			children = (
				CA670CE328D5A14E00D848EB /* Tango.app */,
			);
			name = Products;
			sourceTree = "<group>";
		};
		CA670CE528D5A14E00D848EB /* Tango */ = {
			isa = PBXGroup;
			children = (
				CA21058928E196FE00DD2573 /* Repository */,
				CA21054F28DDE7F900DD2573 /* Tango.entitlements */,
				CA21053428D71F1600DD2573 /* ViewModels */,
				CA670CF728D5A1F000D848EB /* Views */,
				CA670CF528D5A16300D848EB /* Models */,
				CA670CF428D5A15C00D848EB /* Utils */,
				CA670CE628D5A14E00D848EB /* TangoApp.swift */,
				CA670CEA28D5A14F00D848EB /* Assets.xcassets */,
				CA21052B28D70A9D00DD2573 /* GoogleService-Info.plist */,
				CA670CEC28D5A14F00D848EB /* Preview Content */,
			);
			path = Tango;
			sourceTree = "<group>";
		};
		CA670CEC28D5A14F00D848EB /* Preview Content */ = {
			isa = PBXGroup;
			children = (
				CA670CED28D5A14F00D848EB /* Preview Assets.xcassets */,
			);
			path = "Preview Content";
			sourceTree = "<group>";
		};
		CA670CF428D5A15C00D848EB /* Utils */ = {
			isa = PBXGroup;
			children = (
				CA99535828E99B7700C3B55B /* Function */,
				CA21059028E33C9A00DD2573 /* Constant */,
				CA21056F28DF182F00DD2573 /* Extension */,
				CA670D0A28D5CAD400D848EB /* Modifier */,
			);
			path = Utils;
			sourceTree = "<group>";
		};
		CA670CF528D5A16300D848EB /* Models */ = {
			isa = PBXGroup;
			children = (
				CA21053728D7240400DD2573 /* Tango.swift */,
				CA21058328E050CC00DD2573 /* Reference.swift */,
			);
			path = Models;
			sourceTree = "<group>";
		};
		CA670CF728D5A1F000D848EB /* Views */ = {
			isa = PBXGroup;
			children = (
				CA21055A28DED04000DD2573 /* Tango */,
				CA21054628DDB4BE00DD2573 /* Auth */,
				CA670D0328D5BA4F00D848EB /* Account */,
				CA670D0028D5B8DB00D848EB /* Home */,
				CA670CE828D5A14E00D848EB /* ContentView.swift */,
			);
			path = Views;
			sourceTree = "<group>";
		};
		CA670D0028D5B8DB00D848EB /* Home */ = {
			isa = PBXGroup;
			children = (
				CA21052828D6BA6600DD2573 /* Review */,
				CA21054028D8923600DD2573 /* HomeScreen.swift */,
				CA99535028E949CF00C3B55B /* HomeContentsView.swift */,
				CA99535228E94A3A00C3B55B /* HomeActivityView.swift */,
			);
			path = Home;
			sourceTree = "<group>";
		};
		CA670D0328D5BA4F00D848EB /* Account */ = {
			isa = PBXGroup;
			children = (
				CA21054228D8928300DD2573 /* AccountScreen.swift */,
			);
			path = Account;
			sourceTree = "<group>";
		};
		CA670D0528D5BA6E00D848EB /* Register */ = {
			isa = PBXGroup;
			children = (
				CA21055F28DED63600DD2573 /* RegisterTangoView.swift */,
				CA21056128DED68900DD2573 /* RegisterSentenceView.swift */,
				CA21056628DF0BD200DD2573 /* SelectReferenceTypeView.swift */,
				CA21057228DF1C1700DD2573 /* RegisterReferenceView.swift */,
				CA21057428DF1C2D00DD2573 /* SelectReferenceView.swift */,
				CA21057F28E0275D00DD2573 /* ReferenceImagePicker.swift */,
				CA21058528E07F9900DD2573 /* RegisterTangoConfirmView.swift */,
				CA99534228E7D7BD00C3B55B /* ConfirmRegisterView.swift */,
			);
			path = Register;
			sourceTree = "<group>";
		};
		CA670D0A28D5CAD400D848EB /* Modifier */ = {
			isa = PBXGroup;
			children = (
				CA670D0D28D5D28A00D848EB /* ViewModifier.swift */,
				CA21055828DE9FAF00DD2573 /* FontModifier.swift */,
				CA21056A28DF157100DD2573 /* ButtonModifier.swift */,
			);
			path = Modifier;
			sourceTree = "<group>";
		};
		CA99534A28E946D400C3B55B /* Review */ = {
			isa = PBXGroup;
			children = (
				CA99534B28E946F200C3B55B /* ReviewViewModel.swift */,
			);
			path = Review;
			sourceTree = "<group>";
		};
		CA99534E28E9474900C3B55B /* Tango */ = {
			isa = PBXGroup;
			children = (
				CA21056328DEE4F600DD2573 /* Register */,
			);
			path = Tango;
			sourceTree = "<group>";
		};
		CA99534F28E9483200C3B55B /* Home */ = {
			isa = PBXGroup;
			children = (
				CA99534A28E946D400C3B55B /* Review */,
				CA99535428E94C0600C3B55B /* HomeActivityViewModel.swift */,
			);
			path = Home;
			sourceTree = "<group>";
		};
		CA99535828E99B7700C3B55B /* Function */ = {
			isa = PBXGroup;
			children = (
				CA99535928E99BA100C3B55B /* TypeConversionFunction.swift */,
			);
			path = Function;
			sourceTree = "<group>";
		};
/* End PBXGroup section */

/* Begin PBXNativeTarget section */
		CA670CE228D5A14E00D848EB /* Tango */ = {
			isa = PBXNativeTarget;
			buildConfigurationList = CA670CF128D5A14F00D848EB /* Build configuration list for PBXNativeTarget "Tango" */;
			buildPhases = (
				CA670CDF28D5A14E00D848EB /* Sources */,
				CA670CE028D5A14E00D848EB /* Frameworks */,
				CA670CE128D5A14E00D848EB /* Resources */,
			);
			buildRules = (
			);
			dependencies = (
			);
			name = Tango;
			packageProductDependencies = (
				CA21052E28D70D7700DD2573 /* FirebaseAnalytics */,
				CA21053028D70D7700DD2573 /* FirebaseAnalyticsSwift */,
				CA21053A28D727F700DD2573 /* FirebaseFirestore */,
				CA21054D28DDE54900DD2573 /* FirebaseAuth */,
				CA21057828E00F8500DD2573 /* FirebaseStorage */,
			);
			productName = Tango;
			productReference = CA670CE328D5A14E00D848EB /* Tango.app */;
			productType = "com.apple.product-type.application";
		};
/* End PBXNativeTarget section */

/* Begin PBXProject section */
		CA670CDB28D5A14E00D848EB /* Project object */ = {
			isa = PBXProject;
			attributes = {
				BuildIndependentTargetsInParallel = 1;
				LastSwiftUpdateCheck = 1400;
				LastUpgradeCheck = 1400;
				TargetAttributes = {
					CA670CE228D5A14E00D848EB = {
						CreatedOnToolsVersion = 14.0;
					};
				};
			};
			buildConfigurationList = CA670CDE28D5A14E00D848EB /* Build configuration list for PBXProject "Tango" */;
			compatibilityVersion = "Xcode 14.0";
			developmentRegion = en;
			hasScannedForEncodings = 0;
			knownRegions = (
				en,
				Base,
			);
			mainGroup = CA670CDA28D5A14E00D848EB;
			packageReferences = (
				CA21052D28D70D7700DD2573 /* XCRemoteSwiftPackageReference "firebase-ios-sdk" */,
			);
			productRefGroup = CA670CE428D5A14E00D848EB /* Products */;
			projectDirPath = "";
			projectRoot = "";
			targets = (
				CA670CE228D5A14E00D848EB /* Tango */,
			);
		};
/* End PBXProject section */

/* Begin PBXResourcesBuildPhase section */
		CA670CE128D5A14E00D848EB /* Resources */ = {
			isa = PBXResourcesBuildPhase;
			buildActionMask = 2147483647;
			files = (
				CA670CEE28D5A14F00D848EB /* Preview Assets.xcassets in Resources */,
				CA670CEB28D5A14F00D848EB /* Assets.xcassets in Resources */,
				CA21052C28D70A9D00DD2573 /* GoogleService-Info.plist in Resources */,
			);
			runOnlyForDeploymentPostprocessing = 0;
		};
/* End PBXResourcesBuildPhase section */

/* Begin PBXSourcesBuildPhase section */
		CA670CDF28D5A14E00D848EB /* Sources */ = {
			isa = PBXSourcesBuildPhase;
			buildActionMask = 2147483647;
			files = (
				CA21055928DE9FAF00DD2573 /* FontModifier.swift in Sources */,
				CA670CFB28D5A6CE00D848EB /* Common.swift in Sources */,
				CA670D0E28D5D28A00D848EB /* ViewModifier.swift in Sources */,
				CA21054328D8928300DD2573 /* AccountScreen.swift in Sources */,
				CA21058628E07F9900DD2573 /* RegisterTangoConfirmView.swift in Sources */,
				CA21055C28DED05E00DD2573 /* TangoScreen.swift in Sources */,
				CA670CE928D5A14E00D848EB /* ContentView.swift in Sources */,
				CA21057728DF218400DD2573 /* RegisterReferenceViewModel.swift in Sources */,
				CA21058F28E1A39400DD2573 /* ReferenceRepository.swift in Sources */,
				CA21056228DED68900DD2573 /* RegisterSentenceView.swift in Sources */,
				CA21056528DEE50E00DD2573 /* RegisterViewModel.swift in Sources */,
				CA99535A28E99BA100C3B55B /* TypeConversionFunction.swift in Sources */,
				CA99535328E94A3A00C3B55B /* HomeActivityView.swift in Sources */,
				CA21054C28DDCA7100DD2573 /* SignInScreen.swift in Sources */,
				CA21056028DED63600DD2573 /* RegisterTangoView.swift in Sources */,
				CA99535128E949CF00C3B55B /* HomeContentsView.swift in Sources */,
				CA21053F28D891F300DD2573 /* ReviewScreen.swift in Sources */,
				CA21059228E33CD900DD2573 /* ImageConstants.swift in Sources */,
				CA21053D28D855B300DD2573 /* SwipeTangoView.swift in Sources */,
				CA21057128DF184600DD2573 /* IconExtension.swift in Sources */,
				CA21058228E03C9F00DD2573 /* CoverImageExtension.swift in Sources */,
				CA21057528DF1C2D00DD2573 /* SelectReferenceView.swift in Sources */,
				CA21054128D8923600DD2573 /* HomeScreen.swift in Sources */,
				CA21056B28DF157100DD2573 /* ButtonModifier.swift in Sources */,
				CA21058028E0275D00DD2573 /* ReferenceImagePicker.swift in Sources */,
				CA99534C28E946F300C3B55B /* ReviewViewModel.swift in Sources */,
				CA21053828D7240400DD2573 /* Tango.swift in Sources */,
				CA670CE728D5A14E00D848EB /* TangoApp.swift in Sources */,
				CA99534328E7D7BD00C3B55B /* ConfirmRegisterView.swift in Sources */,
				CA670CFF28D5ADBC00D848EB /* Color.swift in Sources */,
				CA21058828E0964100DD2573 /* ReferenceViewModel.swift in Sources */,
				CA21057328DF1C1700DD2573 /* RegisterReferenceView.swift in Sources */,
				CA21058428E050CC00DD2573 /* Reference.swift in Sources */,
				CA99535728E96DBE00C3B55B /* ActivityRepository.swift in Sources */,
				CA99535528E94C0600C3B55B /* HomeActivityViewModel.swift in Sources */,
				CA21055228DDE9C900DD2573 /* SignInViewModel.swift in Sources */,
				CA21058D28E19C6400DD2573 /* TangoRepository.swift in Sources */,
				CA21056728DF0BD200DD2573 /* SelectReferenceTypeView.swift in Sources */,
			);
			runOnlyForDeploymentPostprocessing = 0;
		};
/* End PBXSourcesBuildPhase section */

/* Begin XCBuildConfiguration section */
		CA670CEF28D5A14F00D848EB /* Debug */ = {
			isa = XCBuildConfiguration;
			buildSettings = {
				ALWAYS_SEARCH_USER_PATHS = NO;
				CLANG_ANALYZER_NONNULL = YES;
				CLANG_ANALYZER_NUMBER_OBJECT_CONVERSION = YES_AGGRESSIVE;
				CLANG_CXX_LANGUAGE_STANDARD = "gnu++20";
				CLANG_ENABLE_MODULES = YES;
				CLANG_ENABLE_OBJC_ARC = YES;
				CLANG_ENABLE_OBJC_WEAK = YES;
				CLANG_WARN_BLOCK_CAPTURE_AUTORELEASING = YES;
				CLANG_WARN_BOOL_CONVERSION = YES;
				CLANG_WARN_COMMA = YES;
				CLANG_WARN_CONSTANT_CONVERSION = YES;
				CLANG_WARN_DEPRECATED_OBJC_IMPLEMENTATIONS = YES;
				CLANG_WARN_DIRECT_OBJC_ISA_USAGE = YES_ERROR;
				CLANG_WARN_DOCUMENTATION_COMMENTS = YES;
				CLANG_WARN_EMPTY_BODY = YES;
				CLANG_WARN_ENUM_CONVERSION = YES;
				CLANG_WARN_INFINITE_RECURSION = YES;
				CLANG_WARN_INT_CONVERSION = YES;
				CLANG_WARN_NON_LITERAL_NULL_CONVERSION = YES;
				CLANG_WARN_OBJC_IMPLICIT_RETAIN_SELF = YES;
				CLANG_WARN_OBJC_LITERAL_CONVERSION = YES;
				CLANG_WARN_OBJC_ROOT_CLASS = YES_ERROR;
				CLANG_WARN_QUOTED_INCLUDE_IN_FRAMEWORK_HEADER = YES;
				CLANG_WARN_RANGE_LOOP_ANALYSIS = YES;
				CLANG_WARN_STRICT_PROTOTYPES = YES;
				CLANG_WARN_SUSPICIOUS_MOVE = YES;
				CLANG_WARN_UNGUARDED_AVAILABILITY = YES_AGGRESSIVE;
				CLANG_WARN_UNREACHABLE_CODE = YES;
				CLANG_WARN__DUPLICATE_METHOD_MATCH = YES;
				COPY_PHASE_STRIP = NO;
				DEBUG_INFORMATION_FORMAT = dwarf;
				ENABLE_STRICT_OBJC_MSGSEND = YES;
				ENABLE_TESTABILITY = YES;
				GCC_C_LANGUAGE_STANDARD = gnu11;
				GCC_DYNAMIC_NO_PIC = NO;
				GCC_NO_COMMON_BLOCKS = YES;
				GCC_OPTIMIZATION_LEVEL = 0;
				GCC_PREPROCESSOR_DEFINITIONS = (
					"DEBUG=1",
					"$(inherited)",
				);
				GCC_WARN_64_TO_32_BIT_CONVERSION = YES;
				GCC_WARN_ABOUT_RETURN_TYPE = YES_ERROR;
				GCC_WARN_UNDECLARED_SELECTOR = YES;
				GCC_WARN_UNINITIALIZED_AUTOS = YES_AGGRESSIVE;
				GCC_WARN_UNUSED_FUNCTION = YES;
				GCC_WARN_UNUSED_VARIABLE = YES;
				IPHONEOS_DEPLOYMENT_TARGET = 16.0;
				MTL_ENABLE_DEBUG_INFO = INCLUDE_SOURCE;
				MTL_FAST_MATH = YES;
				ONLY_ACTIVE_ARCH = YES;
				SDKROOT = iphoneos;
				SWIFT_ACTIVE_COMPILATION_CONDITIONS = DEBUG;
				SWIFT_OPTIMIZATION_LEVEL = "-Onone";
			};
			name = Debug;
		};
		CA670CF028D5A14F00D848EB /* Release */ = {
			isa = XCBuildConfiguration;
			buildSettings = {
				ALWAYS_SEARCH_USER_PATHS = NO;
				CLANG_ANALYZER_NONNULL = YES;
				CLANG_ANALYZER_NUMBER_OBJECT_CONVERSION = YES_AGGRESSIVE;
				CLANG_CXX_LANGUAGE_STANDARD = "gnu++20";
				CLANG_ENABLE_MODULES = YES;
				CLANG_ENABLE_OBJC_ARC = YES;
				CLANG_ENABLE_OBJC_WEAK = YES;
				CLANG_WARN_BLOCK_CAPTURE_AUTORELEASING = YES;
				CLANG_WARN_BOOL_CONVERSION = YES;
				CLANG_WARN_COMMA = YES;
				CLANG_WARN_CONSTANT_CONVERSION = YES;
				CLANG_WARN_DEPRECATED_OBJC_IMPLEMENTATIONS = YES;
				CLANG_WARN_DIRECT_OBJC_ISA_USAGE = YES_ERROR;
				CLANG_WARN_DOCUMENTATION_COMMENTS = YES;
				CLANG_WARN_EMPTY_BODY = YES;
				CLANG_WARN_ENUM_CONVERSION = YES;
				CLANG_WARN_INFINITE_RECURSION = YES;
				CLANG_WARN_INT_CONVERSION = YES;
				CLANG_WARN_NON_LITERAL_NULL_CONVERSION = YES;
				CLANG_WARN_OBJC_IMPLICIT_RETAIN_SELF = YES;
				CLANG_WARN_OBJC_LITERAL_CONVERSION = YES;
				CLANG_WARN_OBJC_ROOT_CLASS = YES_ERROR;
				CLANG_WARN_QUOTED_INCLUDE_IN_FRAMEWORK_HEADER = YES;
				CLANG_WARN_RANGE_LOOP_ANALYSIS = YES;
				CLANG_WARN_STRICT_PROTOTYPES = YES;
				CLANG_WARN_SUSPICIOUS_MOVE = YES;
				CLANG_WARN_UNGUARDED_AVAILABILITY = YES_AGGRESSIVE;
				CLANG_WARN_UNREACHABLE_CODE = YES;
				CLANG_WARN__DUPLICATE_METHOD_MATCH = YES;
				COPY_PHASE_STRIP = NO;
				DEBUG_INFORMATION_FORMAT = "dwarf-with-dsym";
				ENABLE_NS_ASSERTIONS = NO;
				ENABLE_STRICT_OBJC_MSGSEND = YES;
				GCC_C_LANGUAGE_STANDARD = gnu11;
				GCC_NO_COMMON_BLOCKS = YES;
				GCC_WARN_64_TO_32_BIT_CONVERSION = YES;
				GCC_WARN_ABOUT_RETURN_TYPE = YES_ERROR;
				GCC_WARN_UNDECLARED_SELECTOR = YES;
				GCC_WARN_UNINITIALIZED_AUTOS = YES_AGGRESSIVE;
				GCC_WARN_UNUSED_FUNCTION = YES;
				GCC_WARN_UNUSED_VARIABLE = YES;
				IPHONEOS_DEPLOYMENT_TARGET = 16.0;
				MTL_ENABLE_DEBUG_INFO = NO;
				MTL_FAST_MATH = YES;
				SDKROOT = iphoneos;
				SWIFT_COMPILATION_MODE = wholemodule;
				SWIFT_OPTIMIZATION_LEVEL = "-O";
				VALIDATE_PRODUCT = YES;
			};
			name = Release;
		};
		CA670CF228D5A14F00D848EB /* Debug */ = {
			isa = XCBuildConfiguration;
			buildSettings = {
				ASSETCATALOG_COMPILER_APPICON_NAME = AppIcon;
				ASSETCATALOG_COMPILER_GLOBAL_ACCENT_COLOR_NAME = AccentColor;
				CODE_SIGN_ENTITLEMENTS = Tango/Tango.entitlements;
				CODE_SIGN_STYLE = Automatic;
				CURRENT_PROJECT_VERSION = 1;
				DEVELOPMENT_ASSET_PATHS = "\"Tango/Preview Content\"";
				DEVELOPMENT_TEAM = GQPL67LS48;
				ENABLE_PREVIEWS = YES;
				GENERATE_INFOPLIST_FILE = YES;
				INFOPLIST_KEY_LSApplicationCategoryType = "public.app-category.education";
				INFOPLIST_KEY_UIApplicationSceneManifest_Generation = YES;
				INFOPLIST_KEY_UIApplicationSupportsIndirectInputEvents = YES;
				INFOPLIST_KEY_UILaunchScreen_Generation = YES;
				INFOPLIST_KEY_UISupportedInterfaceOrientations_iPad = "UIInterfaceOrientationPortrait UIInterfaceOrientationPortraitUpsideDown UIInterfaceOrientationLandscapeLeft UIInterfaceOrientationLandscapeRight";
				INFOPLIST_KEY_UISupportedInterfaceOrientations_iPhone = "UIInterfaceOrientationPortrait UIInterfaceOrientationLandscapeLeft UIInterfaceOrientationLandscapeRight";
				IPHONEOS_DEPLOYMENT_TARGET = 16.0;
				LD_RUNPATH_SEARCH_PATHS = (
					"$(inherited)",
					"@executable_path/Frameworks",
				);
				MARKETING_VERSION = 1.0;
				PRODUCT_BUNDLE_IDENTIFIER = com.yoshida.Tango;
				PRODUCT_NAME = "$(TARGET_NAME)";
				SWIFT_EMIT_LOC_STRINGS = YES;
				SWIFT_VERSION = 5.0;
				TARGETED_DEVICE_FAMILY = "1,2";
			};
			name = Debug;
		};
		CA670CF328D5A14F00D848EB /* Release */ = {
			isa = XCBuildConfiguration;
			buildSettings = {
				ASSETCATALOG_COMPILER_APPICON_NAME = AppIcon;
				ASSETCATALOG_COMPILER_GLOBAL_ACCENT_COLOR_NAME = AccentColor;
				CODE_SIGN_ENTITLEMENTS = Tango/Tango.entitlements;
				CODE_SIGN_STYLE = Automatic;
				CURRENT_PROJECT_VERSION = 1;
				DEVELOPMENT_ASSET_PATHS = "\"Tango/Preview Content\"";
				DEVELOPMENT_TEAM = GQPL67LS48;
				ENABLE_PREVIEWS = YES;
				GENERATE_INFOPLIST_FILE = YES;
				INFOPLIST_KEY_LSApplicationCategoryType = "public.app-category.education";
				INFOPLIST_KEY_UIApplicationSceneManifest_Generation = YES;
				INFOPLIST_KEY_UIApplicationSupportsIndirectInputEvents = YES;
				INFOPLIST_KEY_UILaunchScreen_Generation = YES;
				INFOPLIST_KEY_UISupportedInterfaceOrientations_iPad = "UIInterfaceOrientationPortrait UIInterfaceOrientationPortraitUpsideDown UIInterfaceOrientationLandscapeLeft UIInterfaceOrientationLandscapeRight";
				INFOPLIST_KEY_UISupportedInterfaceOrientations_iPhone = "UIInterfaceOrientationPortrait UIInterfaceOrientationLandscapeLeft UIInterfaceOrientationLandscapeRight";
				IPHONEOS_DEPLOYMENT_TARGET = 16.0;
				LD_RUNPATH_SEARCH_PATHS = (
					"$(inherited)",
					"@executable_path/Frameworks",
				);
				MARKETING_VERSION = 1.0;
				PRODUCT_BUNDLE_IDENTIFIER = com.yoshida.Tango;
				PRODUCT_NAME = "$(TARGET_NAME)";
				SWIFT_EMIT_LOC_STRINGS = YES;
				SWIFT_VERSION = 5.0;
				TARGETED_DEVICE_FAMILY = "1,2";
			};
			name = Release;
		};
/* End XCBuildConfiguration section */

/* Begin XCConfigurationList section */
		CA670CDE28D5A14E00D848EB /* Build configuration list for PBXProject "Tango" */ = {
			isa = XCConfigurationList;
			buildConfigurations = (
				CA670CEF28D5A14F00D848EB /* Debug */,
				CA670CF028D5A14F00D848EB /* Release */,
			);
			defaultConfigurationIsVisible = 0;
			defaultConfigurationName = Release;
		};
		CA670CF128D5A14F00D848EB /* Build configuration list for PBXNativeTarget "Tango" */ = {
			isa = XCConfigurationList;
			buildConfigurations = (
				CA670CF228D5A14F00D848EB /* Debug */,
				CA670CF328D5A14F00D848EB /* Release */,
			);
			defaultConfigurationIsVisible = 0;
			defaultConfigurationName = Release;
		};
/* End XCConfigurationList section */

/* Begin XCRemoteSwiftPackageReference section */
		CA21052D28D70D7700DD2573 /* XCRemoteSwiftPackageReference "firebase-ios-sdk" */ = {
			isa = XCRemoteSwiftPackageReference;
			repositoryURL = "https://github.com/firebase/firebase-ios-sdk";
			requirement = {
				kind = upToNextMajorVersion;
				minimumVersion = 9.0.0;
			};
		};
/* End XCRemoteSwiftPackageReference section */

/* Begin XCSwiftPackageProductDependency section */
		CA21052E28D70D7700DD2573 /* FirebaseAnalytics */ = {
			isa = XCSwiftPackageProductDependency;
			package = CA21052D28D70D7700DD2573 /* XCRemoteSwiftPackageReference "firebase-ios-sdk" */;
			productName = FirebaseAnalytics;
		};
		CA21053028D70D7700DD2573 /* FirebaseAnalyticsSwift */ = {
			isa = XCSwiftPackageProductDependency;
			package = CA21052D28D70D7700DD2573 /* XCRemoteSwiftPackageReference "firebase-ios-sdk" */;
			productName = FirebaseAnalyticsSwift;
		};
		CA21053A28D727F700DD2573 /* FirebaseFirestore */ = {
			isa = XCSwiftPackageProductDependency;
			package = CA21052D28D70D7700DD2573 /* XCRemoteSwiftPackageReference "firebase-ios-sdk" */;
			productName = FirebaseFirestore;
		};
		CA21054D28DDE54900DD2573 /* FirebaseAuth */ = {
			isa = XCSwiftPackageProductDependency;
			package = CA21052D28D70D7700DD2573 /* XCRemoteSwiftPackageReference "firebase-ios-sdk" */;
			productName = FirebaseAuth;
		};
		CA21057828E00F8500DD2573 /* FirebaseStorage */ = {
			isa = XCSwiftPackageProductDependency;
			package = CA21052D28D70D7700DD2573 /* XCRemoteSwiftPackageReference "firebase-ios-sdk" */;
			productName = FirebaseStorage;
		};
/* End XCSwiftPackageProductDependency section */
	};
	rootObject = CA670CDB28D5A14E00D848EB /* Project object */;
}
