// !$*UTF8*$!
{
	archiveVersion = 1;
	classes = {
	};
	objectVersion = 56;
	objects = {

/* Begin PBXBuildFile section */
		CA670CE728D5A14E00D848EB /* TangoApp.swift in Sources */ = {isa = PBXBuildFile; fileRef = CA670CE628D5A14E00D848EB /* TangoApp.swift */; };
		CA670CE928D5A14E00D848EB /* ContentView.swift in Sources */ = {isa = PBXBuildFile; fileRef = CA670CE828D5A14E00D848EB /* ContentView.swift */; };
		CA670CEB28D5A14F00D848EB /* Assets.xcassets in Resources */ = {isa = PBXBuildFile; fileRef = CA670CEA28D5A14F00D848EB /* Assets.xcassets */; };
		CA670CEE28D5A14F00D848EB /* Preview Assets.xcassets in Resources */ = {isa = PBXBuildFile; fileRef = CA670CED28D5A14F00D848EB /* Preview Assets.xcassets */; };
		CA670CF928D5A3BA00D848EB /* BottomControlView.swift in Sources */ = {isa = PBXBuildFile; fileRef = CA670CF828D5A3BA00D848EB /* BottomControlView.swift */; };
		CA670CFB28D5A6CE00D848EB /* Common.swift in Sources */ = {isa = PBXBuildFile; fileRef = CA670CFA28D5A6CE00D848EB /* Common.swift */; };
		CA670CFD28D5A8B300D848EB /* TopControlView.swift in Sources */ = {isa = PBXBuildFile; fileRef = CA670CFC28D5A8B300D848EB /* TopControlView.swift */; };
		CA670CFF28D5ADBC00D848EB /* Color.swift in Sources */ = {isa = PBXBuildFile; fileRef = CA670CFE28D5ADBC00D848EB /* Color.swift */; };
		CA670D0228D5B98E00D848EB /* HomeView.swift in Sources */ = {isa = PBXBuildFile; fileRef = CA670D0128D5B98E00D848EB /* HomeView.swift */; };
		CA670D0728D5BA7D00D848EB /* RegisterView.swift in Sources */ = {isa = PBXBuildFile; fileRef = CA670D0628D5BA7D00D848EB /* RegisterView.swift */; };
		CA670D0928D5BA8700D848EB /* AccountView.swift in Sources */ = {isa = PBXBuildFile; fileRef = CA670D0828D5BA8700D848EB /* AccountView.swift */; };
/* End PBXBuildFile section */

/* Begin PBXFileReference section */
		CA670CE328D5A14E00D848EB /* Tango.app */ = {isa = PBXFileReference; explicitFileType = wrapper.application; includeInIndex = 0; path = Tango.app; sourceTree = BUILT_PRODUCTS_DIR; };
		CA670CE628D5A14E00D848EB /* TangoApp.swift */ = {isa = PBXFileReference; lastKnownFileType = sourcecode.swift; path = TangoApp.swift; sourceTree = "<group>"; };
		CA670CE828D5A14E00D848EB /* ContentView.swift */ = {isa = PBXFileReference; lastKnownFileType = sourcecode.swift; path = ContentView.swift; sourceTree = "<group>"; };
		CA670CEA28D5A14F00D848EB /* Assets.xcassets */ = {isa = PBXFileReference; lastKnownFileType = folder.assetcatalog; path = Assets.xcassets; sourceTree = "<group>"; };
		CA670CED28D5A14F00D848EB /* Preview Assets.xcassets */ = {isa = PBXFileReference; lastKnownFileType = folder.assetcatalog; path = "Preview Assets.xcassets"; sourceTree = "<group>"; };
		CA670CF828D5A3BA00D848EB /* BottomControlView.swift */ = {isa = PBXFileReference; lastKnownFileType = sourcecode.swift; path = BottomControlView.swift; sourceTree = "<group>"; };
		CA670CFA28D5A6CE00D848EB /* Common.swift */ = {isa = PBXFileReference; lastKnownFileType = sourcecode.swift; path = Common.swift; sourceTree = "<group>"; };
		CA670CFC28D5A8B300D848EB /* TopControlView.swift */ = {isa = PBXFileReference; lastKnownFileType = sourcecode.swift; path = TopControlView.swift; sourceTree = "<group>"; };
		CA670CFE28D5ADBC00D848EB /* Color.swift */ = {isa = PBXFileReference; lastKnownFileType = sourcecode.swift; path = Color.swift; sourceTree = "<group>"; };
		CA670D0128D5B98E00D848EB /* HomeView.swift */ = {isa = PBXFileReference; lastKnownFileType = sourcecode.swift; path = HomeView.swift; sourceTree = "<group>"; };
		CA670D0628D5BA7D00D848EB /* RegisterView.swift */ = {isa = PBXFileReference; lastKnownFileType = sourcecode.swift; path = RegisterView.swift; sourceTree = "<group>"; };
		CA670D0828D5BA8700D848EB /* AccountView.swift */ = {isa = PBXFileReference; lastKnownFileType = sourcecode.swift; path = AccountView.swift; sourceTree = "<group>"; };
/* End PBXFileReference section */

/* Begin PBXFrameworksBuildPhase section */
		CA670CE028D5A14E00D848EB /* Frameworks */ = {
			isa = PBXFrameworksBuildPhase;
			buildActionMask = 2147483647;
			files = (
			);
			runOnlyForDeploymentPostprocessing = 0;
		};
/* End PBXFrameworksBuildPhase section */

/* Begin PBXGroup section */
		CA670CDA28D5A14E00D848EB = {
			isa = PBXGroup;
			children = (
				CA670CE528D5A14E00D848EB /* Tango */,
				CA670CE428D5A14E00D848EB /* Products */,
			);
			sourceTree = "<group>";
		};
		CA670CE428D5A14E00D848EB /* Products */ = {
			isa = PBXGroup;
			children = (
				CA670CE328D5A14E00D848EB /* Tango.app */,
			);
			name = Products;
			sourceTree = "<group>";
		};
		CA670CE528D5A14E00D848EB /* Tango */ = {
			isa = PBXGroup;
			children = (
				CA670CF728D5A1F000D848EB /* Views */,
				CA670CF628D5A16B00D848EB /* View Models */,
				CA670CF528D5A16300D848EB /* Models */,
				CA670CF428D5A15C00D848EB /* Utils */,
				CA670CE628D5A14E00D848EB /* TangoApp.swift */,
				CA670CEA28D5A14F00D848EB /* Assets.xcassets */,
				CA670CEC28D5A14F00D848EB /* Preview Content */,
			);
			path = Tango;
			sourceTree = "<group>";
		};
		CA670CEC28D5A14F00D848EB /* Preview Content */ = {
			isa = PBXGroup;
			children = (
				CA670CED28D5A14F00D848EB /* Preview Assets.xcassets */,
			);
			path = "Preview Content";
			sourceTree = "<group>";
		};
		CA670CF428D5A15C00D848EB /* Utils */ = {
			isa = PBXGroup;
			children = (
				CA670CFA28D5A6CE00D848EB /* Common.swift */,
				CA670CFE28D5ADBC00D848EB /* Color.swift */,
			);
			path = Utils;
			sourceTree = "<group>";
		};
		CA670CF528D5A16300D848EB /* Models */ = {
			isa = PBXGroup;
			children = (
			);
			path = Models;
			sourceTree = "<group>";
		};
		CA670CF628D5A16B00D848EB /* View Models */ = {
			isa = PBXGroup;
			children = (
			);
			path = "View Models";
			sourceTree = "<group>";
		};
		CA670CF728D5A1F000D848EB /* Views */ = {
			isa = PBXGroup;
			children = (
				CA670D0528D5BA6E00D848EB /* Register */,
				CA670D0328D5BA4F00D848EB /* Account */,
				CA670D0028D5B8DB00D848EB /* Home */,
				CA670CE828D5A14E00D848EB /* ContentView.swift */,
				CA670CF828D5A3BA00D848EB /* BottomControlView.swift */,
				CA670CFC28D5A8B300D848EB /* TopControlView.swift */,
			);
			path = Views;
			sourceTree = "<group>";
		};
		CA670D0028D5B8DB00D848EB /* Home */ = {
			isa = PBXGroup;
			children = (
				CA670D0128D5B98E00D848EB /* HomeView.swift */,
			);
			path = Home;
			sourceTree = "<group>";
		};
		CA670D0328D5BA4F00D848EB /* Account */ = {
			isa = PBXGroup;
			children = (
				CA670D0828D5BA8700D848EB /* AccountView.swift */,
			);
			path = Account;
			sourceTree = "<group>";
		};
		CA670D0528D5BA6E00D848EB /* Register */ = {
			isa = PBXGroup;
			children = (
				CA670D0628D5BA7D00D848EB /* RegisterView.swift */,
			);
			path = Register;
			sourceTree = "<group>";
		};
/* End PBXGroup section */

/* Begin PBXNativeTarget section */
		CA670CE228D5A14E00D848EB /* Tango */ = {
			isa = PBXNativeTarget;
			buildConfigurationList = CA670CF128D5A14F00D848EB /* Build configuration list for PBXNativeTarget "Tango" */;
			buildPhases = (
				CA670CDF28D5A14E00D848EB /* Sources */,
				CA670CE028D5A14E00D848EB /* Frameworks */,
				CA670CE128D5A14E00D848EB /* Resources */,
			);
			buildRules = (
			);
			dependencies = (
			);
			name = Tango;
			productName = Tango;
			productReference = CA670CE328D5A14E00D848EB /* Tango.app */;
			productType = "com.apple.product-type.application";
		};
/* End PBXNativeTarget section */

/* Begin PBXProject section */
		CA670CDB28D5A14E00D848EB /* Project object */ = {
			isa = PBXProject;
			attributes = {
				BuildIndependentTargetsInParallel = 1;
				LastSwiftUpdateCheck = 1400;
				LastUpgradeCheck = 1400;
				TargetAttributes = {
					CA670CE228D5A14E00D848EB = {
						CreatedOnToolsVersion = 14.0;
					};
				};
			};
			buildConfigurationList = CA670CDE28D5A14E00D848EB /* Build configuration list for PBXProject "Tango" */;
			compatibilityVersion = "Xcode 14.0";
			developmentRegion = en;
			hasScannedForEncodings = 0;
			knownRegions = (
				en,
				Base,
			);
			mainGroup = CA670CDA28D5A14E00D848EB;
			productRefGroup = CA670CE428D5A14E00D848EB /* Products */;
			projectDirPath = "";
			projectRoot = "";
			targets = (
				CA670CE228D5A14E00D848EB /* Tango */,
			);
		};
/* End PBXProject section */

/* Begin PBXResourcesBuildPhase section */
		CA670CE128D5A14E00D848EB /* Resources */ = {
			isa = PBXResourcesBuildPhase;
			buildActionMask = 2147483647;
			files = (
				CA670CEE28D5A14F00D848EB /* Preview Assets.xcassets in Resources */,
				CA670CEB28D5A14F00D848EB /* Assets.xcassets in Resources */,
			);
			runOnlyForDeploymentPostprocessing = 0;
		};
/* End PBXResourcesBuildPhase section */

/* Begin PBXSourcesBuildPhase section */
		CA670CDF28D5A14E00D848EB /* Sources */ = {
			isa = PBXSourcesBuildPhase;
			buildActionMask = 2147483647;
			files = (
				CA670CFB28D5A6CE00D848EB /* Common.swift in Sources */,
				CA670D0228D5B98E00D848EB /* HomeView.swift in Sources */,
				CA670CE928D5A14E00D848EB /* ContentView.swift in Sources */,
				CA670CF928D5A3BA00D848EB /* BottomControlView.swift in Sources */,
				CA670CFD28D5A8B300D848EB /* TopControlView.swift in Sources */,
				CA670D0728D5BA7D00D848EB /* RegisterView.swift in Sources */,
				CA670D0928D5BA8700D848EB /* AccountView.swift in Sources */,
				CA670CE728D5A14E00D848EB /* TangoApp.swift in Sources */,
				CA670CFF28D5ADBC00D848EB /* Color.swift in Sources */,
			);
			runOnlyForDeploymentPostprocessing = 0;
		};
/* End PBXSourcesBuildPhase section */

/* Begin XCBuildConfiguration section */
		CA670CEF28D5A14F00D848EB /* Debug */ = {
			isa = XCBuildConfiguration;
			buildSettings = {
				ALWAYS_SEARCH_USER_PATHS = NO;
				CLANG_ANALYZER_NONNULL = YES;
				CLANG_ANALYZER_NUMBER_OBJECT_CONVERSION = YES_AGGRESSIVE;
				CLANG_CXX_LANGUAGE_STANDARD = "gnu++20";
				CLANG_ENABLE_MODULES = YES;
				CLANG_ENABLE_OBJC_ARC = YES;
				CLANG_ENABLE_OBJC_WEAK = YES;
				CLANG_WARN_BLOCK_CAPTURE_AUTORELEASING = YES;
				CLANG_WARN_BOOL_CONVERSION = YES;
				CLANG_WARN_COMMA = YES;
				CLANG_WARN_CONSTANT_CONVERSION = YES;
				CLANG_WARN_DEPRECATED_OBJC_IMPLEMENTATIONS = YES;
				CLANG_WARN_DIRECT_OBJC_ISA_USAGE = YES_ERROR;
				CLANG_WARN_DOCUMENTATION_COMMENTS = YES;
				CLANG_WARN_EMPTY_BODY = YES;
				CLANG_WARN_ENUM_CONVERSION = YES;
				CLANG_WARN_INFINITE_RECURSION = YES;
				CLANG_WARN_INT_CONVERSION = YES;
				CLANG_WARN_NON_LITERAL_NULL_CONVERSION = YES;
				CLANG_WARN_OBJC_IMPLICIT_RETAIN_SELF = YES;
				CLANG_WARN_OBJC_LITERAL_CONVERSION = YES;
				CLANG_WARN_OBJC_ROOT_CLASS = YES_ERROR;
				CLANG_WARN_QUOTED_INCLUDE_IN_FRAMEWORK_HEADER = YES;
				CLANG_WARN_RANGE_LOOP_ANALYSIS = YES;
				CLANG_WARN_STRICT_PROTOTYPES = YES;
				CLANG_WARN_SUSPICIOUS_MOVE = YES;
				CLANG_WARN_UNGUARDED_AVAILABILITY = YES_AGGRESSIVE;
				CLANG_WARN_UNREACHABLE_CODE = YES;
				CLANG_WARN__DUPLICATE_METHOD_MATCH = YES;
				COPY_PHASE_STRIP = NO;
				DEBUG_INFORMATION_FORMAT = dwarf;
				ENABLE_STRICT_OBJC_MSGSEND = YES;
				ENABLE_TESTABILITY = YES;
				GCC_C_LANGUAGE_STANDARD = gnu11;
				GCC_DYNAMIC_NO_PIC = NO;
				GCC_NO_COMMON_BLOCKS = YES;
				GCC_OPTIMIZATION_LEVEL = 0;
				GCC_PREPROCESSOR_DEFINITIONS = (
					"DEBUG=1",
					"$(inherited)",
				);
				GCC_WARN_64_TO_32_BIT_CONVERSION = YES;
				GCC_WARN_ABOUT_RETURN_TYPE = YES_ERROR;
				GCC_WARN_UNDECLARED_SELECTOR = YES;
				GCC_WARN_UNINITIALIZED_AUTOS = YES_AGGRESSIVE;
				GCC_WARN_UNUSED_FUNCTION = YES;
				GCC_WARN_UNUSED_VARIABLE = YES;
				IPHONEOS_DEPLOYMENT_TARGET = 16.0;
				MTL_ENABLE_DEBUG_INFO = INCLUDE_SOURCE;
				MTL_FAST_MATH = YES;
				ONLY_ACTIVE_ARCH = YES;
				SDKROOT = iphoneos;
				SWIFT_ACTIVE_COMPILATION_CONDITIONS = DEBUG;
				SWIFT_OPTIMIZATION_LEVEL = "-Onone";
			};
			name = Debug;
		};
		CA670CF028D5A14F00D848EB /* Release */ = {
			isa = XCBuildConfiguration;
			buildSettings = {
				ALWAYS_SEARCH_USER_PATHS = NO;
				CLANG_ANALYZER_NONNULL = YES;
				CLANG_ANALYZER_NUMBER_OBJECT_CONVERSION = YES_AGGRESSIVE;
				CLANG_CXX_LANGUAGE_STANDARD = "gnu++20";
				CLANG_ENABLE_MODULES = YES;
				CLANG_ENABLE_OBJC_ARC = YES;
				CLANG_ENABLE_OBJC_WEAK = YES;
				CLANG_WARN_BLOCK_CAPTURE_AUTORELEASING = YES;
				CLANG_WARN_BOOL_CONVERSION = YES;
				CLANG_WARN_COMMA = YES;
				CLANG_WARN_CONSTANT_CONVERSION = YES;
				CLANG_WARN_DEPRECATED_OBJC_IMPLEMENTATIONS = YES;
				CLANG_WARN_DIRECT_OBJC_ISA_USAGE = YES_ERROR;
				CLANG_WARN_DOCUMENTATION_COMMENTS = YES;
				CLANG_WARN_EMPTY_BODY = YES;
				CLANG_WARN_ENUM_CONVERSION = YES;
				CLANG_WARN_INFINITE_RECURSION = YES;
				CLANG_WARN_INT_CONVERSION = YES;
				CLANG_WARN_NON_LITERAL_NULL_CONVERSION = YES;
				CLANG_WARN_OBJC_IMPLICIT_RETAIN_SELF = YES;
				CLANG_WARN_OBJC_LITERAL_CONVERSION = YES;
				CLANG_WARN_OBJC_ROOT_CLASS = YES_ERROR;
				CLANG_WARN_QUOTED_INCLUDE_IN_FRAMEWORK_HEADER = YES;
				CLANG_WARN_RANGE_LOOP_ANALYSIS = YES;
				CLANG_WARN_STRICT_PROTOTYPES = YES;
				CLANG_WARN_SUSPICIOUS_MOVE = YES;
				CLANG_WARN_UNGUARDED_AVAILABILITY = YES_AGGRESSIVE;
				CLANG_WARN_UNREACHABLE_CODE = YES;
				CLANG_WARN__DUPLICATE_METHOD_MATCH = YES;
				COPY_PHASE_STRIP = NO;
				DEBUG_INFORMATION_FORMAT = "dwarf-with-dsym";
				ENABLE_NS_ASSERTIONS = NO;
				ENABLE_STRICT_OBJC_MSGSEND = YES;
				GCC_C_LANGUAGE_STANDARD = gnu11;
				GCC_NO_COMMON_BLOCKS = YES;
				GCC_WARN_64_TO_32_BIT_CONVERSION = YES;
				GCC_WARN_ABOUT_RETURN_TYPE = YES_ERROR;
				GCC_WARN_UNDECLARED_SELECTOR = YES;
				GCC_WARN_UNINITIALIZED_AUTOS = YES_AGGRESSIVE;
				GCC_WARN_UNUSED_FUNCTION = YES;
				GCC_WARN_UNUSED_VARIABLE = YES;
				IPHONEOS_DEPLOYMENT_TARGET = 16.0;
				MTL_ENABLE_DEBUG_INFO = NO;
				MTL_FAST_MATH = YES;
				SDKROOT = iphoneos;
				SWIFT_COMPILATION_MODE = wholemodule;
				SWIFT_OPTIMIZATION_LEVEL = "-O";
				VALIDATE_PRODUCT = YES;
			};
			name = Release;
		};
		CA670CF228D5A14F00D848EB /* Debug */ = {
			isa = XCBuildConfiguration;
			buildSettings = {
				ASSETCATALOG_COMPILER_APPICON_NAME = AppIcon;
				ASSETCATALOG_COMPILER_GLOBAL_ACCENT_COLOR_NAME = AccentColor;
				CODE_SIGN_STYLE = Automatic;
				CURRENT_PROJECT_VERSION = 1;
				DEVELOPMENT_ASSET_PATHS = "\"Tango/Preview Content\"";
				ENABLE_PREVIEWS = YES;
				GENERATE_INFOPLIST_FILE = YES;
				INFOPLIST_KEY_UIApplicationSceneManifest_Generation = YES;
				INFOPLIST_KEY_UIApplicationSupportsIndirectInputEvents = YES;
				INFOPLIST_KEY_UILaunchScreen_Generation = YES;
				INFOPLIST_KEY_UISupportedInterfaceOrientations_iPad = "UIInterfaceOrientationPortrait UIInterfaceOrientationPortraitUpsideDown UIInterfaceOrientationLandscapeLeft UIInterfaceOrientationLandscapeRight";
				INFOPLIST_KEY_UISupportedInterfaceOrientations_iPhone = "UIInterfaceOrientationPortrait UIInterfaceOrientationLandscapeLeft UIInterfaceOrientationLandscapeRight";
				LD_RUNPATH_SEARCH_PATHS = (
					"$(inherited)",
					"@executable_path/Frameworks",
				);
				MARKETING_VERSION = 1.0;
				PRODUCT_BUNDLE_IDENTIFIER = com.yoshida.Tango;
				PRODUCT_NAME = "$(TARGET_NAME)";
				SWIFT_EMIT_LOC_STRINGS = YES;
				SWIFT_VERSION = 5.0;
				TARGETED_DEVICE_FAMILY = "1,2";
			};
			name = Debug;
		};
		CA670CF328D5A14F00D848EB /* Release */ = {
			isa = XCBuildConfiguration;
			buildSettings = {
				ASSETCATALOG_COMPILER_APPICON_NAME = AppIcon;
				ASSETCATALOG_COMPILER_GLOBAL_ACCENT_COLOR_NAME = AccentColor;
				CODE_SIGN_STYLE = Automatic;
				CURRENT_PROJECT_VERSION = 1;
				DEVELOPMENT_ASSET_PATHS = "\"Tango/Preview Content\"";
				ENABLE_PREVIEWS = YES;
				GENERATE_INFOPLIST_FILE = YES;
				INFOPLIST_KEY_UIApplicationSceneManifest_Generation = YES;
				INFOPLIST_KEY_UIApplicationSupportsIndirectInputEvents = YES;
				INFOPLIST_KEY_UILaunchScreen_Generation = YES;
				INFOPLIST_KEY_UISupportedInterfaceOrientations_iPad = "UIInterfaceOrientationPortrait UIInterfaceOrientationPortraitUpsideDown UIInterfaceOrientationLandscapeLeft UIInterfaceOrientationLandscapeRight";
				INFOPLIST_KEY_UISupportedInterfaceOrientations_iPhone = "UIInterfaceOrientationPortrait UIInterfaceOrientationLandscapeLeft UIInterfaceOrientationLandscapeRight";
				LD_RUNPATH_SEARCH_PATHS = (
					"$(inherited)",
					"@executable_path/Frameworks",
				);
				MARKETING_VERSION = 1.0;
				PRODUCT_BUNDLE_IDENTIFIER = com.yoshida.Tango;
				PRODUCT_NAME = "$(TARGET_NAME)";
				SWIFT_EMIT_LOC_STRINGS = YES;
				SWIFT_VERSION = 5.0;
				TARGETED_DEVICE_FAMILY = "1,2";
			};
			name = Release;
		};
/* End XCBuildConfiguration section */

/* Begin XCConfigurationList section */
		CA670CDE28D5A14E00D848EB /* Build configuration list for PBXProject "Tango" */ = {
			isa = XCConfigurationList;
			buildConfigurations = (
				CA670CEF28D5A14F00D848EB /* Debug */,
				CA670CF028D5A14F00D848EB /* Release */,
			);
			defaultConfigurationIsVisible = 0;
			defaultConfigurationName = Release;
		};
		CA670CF128D5A14F00D848EB /* Build configuration list for PBXNativeTarget "Tango" */ = {
			isa = XCConfigurationList;
			buildConfigurations = (
				CA670CF228D5A14F00D848EB /* Debug */,
				CA670CF328D5A14F00D848EB /* Release */,
			);
			defaultConfigurationIsVisible = 0;
			defaultConfigurationName = Release;
		};
/* End XCConfigurationList section */
	};
	rootObject = CA670CDB28D5A14E00D848EB /* Project object */;
}
